
Microsoft Visual Studio Solution File, Format Version 12.00
# Visual Studio Version 17
VisualStudioVersion = 17.0.32112.339
MinimumVisualStudioVersion = 10.0.40219.1
Project("{FAE04EC0-301F-11D3-BF4B-00C04F79EFBC}") = "EventAndDelegateEx1", "EventAndDelegateEx1\EventAndDelegateEx1.csproj", "{AD542A63-5A24-4125-8871-B2BD10FB8282}"
EndProject
Global
	GlobalSection(SolutionConfigurationPlatforms) = preSolution
		Debug|Any CPU = Debug|Any CPU
		Release|Any CPU = Release|Any CPU
	EndGlobalSection
	GlobalSection(ProjectConfigurationPlatforms) = postSolution
		{AD542A63-5A24-4125-8871-B2BD10FB8282}.Debug|Any CPU.ActiveCfg = Debug|Any CPU
		{AD542A63-5A24-4125-8871-B2BD10FB8282}.Debug|Any CPU.Build.0 = Debug|Any CPU
		{AD542A63-5A24-4125-8871-B2BD10FB8282}.Release|Any CPU.ActiveCfg = Release|Any CPU
		{AD542A63-5A24-4125-8871-B2BD10FB8282}.Release|Any CPU.Build.0 = Release|Any CPU
	EndGlobalSection
	GlobalSection(SolutionProperties) = preSolution
		HideSolutionNode = FALSE
	EndGlobalSection
	GlobalSection(ExtensibilityGlobals) = postSolution
		SolutionGuid = {78F8A5DC-489A-4E48-B283-C1735B560B95}
	EndGlobalSection
EndGlobal
